
Microsoft Visual Studio Solution File, Format Version 12.00
# Visual Studio Version 16
VisualStudioVersion = 16.0.34301.259
MinimumVisualStudioVersion = 10.0.40219.1
Project("{FAE04EC0-301F-11D3-BF4B-00C04F79EFBC}") = "CadastroUsers", "CadastroUsers\CadastroUsers.csproj", "{5841319A-4B93-4E21-94E7-EC4A1619CB40}"
EndProject
Project("{FAE04EC0-301F-11D3-BF4B-00C04F79EFBC}") = "ProjetoUsuariosClassLibrary", "ProjetoUsuariosClassLibrary\ProjetoUsuariosClassLibrary.csproj", "{5DDE5C3B-AE8D-41C9-89EC-BE7B5F7C3FF7}"
EndProject
Project("{FAE04EC0-301F-11D3-BF4B-00C04F79EFBC}") = "AcessoDadosClassLibrary", "AcessoDadosClassLibrary\AcessoDadosClassLibrary.csproj", "{B158F53F-8733-44CD-AE49-879354409C8E}"
EndProject
Global
	GlobalSection(SolutionConfigurationPlatforms) = preSolution
		Debug|Any CPU = Debug|Any CPU
		Release|Any CPU = Release|Any CPU
	EndGlobalSection
	GlobalSection(ProjectConfigurationPlatforms) = postSolution
		{5841319A-4B93-4E21-94E7-EC4A1619CB40}.Debug|Any CPU.ActiveCfg = Debug|Any CPU
		{5841319A-4B93-4E21-94E7-EC4A1619CB40}.Debug|Any CPU.Build.0 = Debug|Any CPU
		{5841319A-4B93-4E21-94E7-EC4A1619CB40}.Release|Any CPU.ActiveCfg = Release|Any CPU
		{5841319A-4B93-4E21-94E7-EC4A1619CB40}.Release|Any CPU.Build.0 = Release|Any CPU
		{5DDE5C3B-AE8D-41C9-89EC-BE7B5F7C3FF7}.Debug|Any CPU.ActiveCfg = Debug|Any CPU
		{5DDE5C3B-AE8D-41C9-89EC-BE7B5F7C3FF7}.Debug|Any CPU.Build.0 = Debug|Any CPU
		{5DDE5C3B-AE8D-41C9-89EC-BE7B5F7C3FF7}.Release|Any CPU.ActiveCfg = Release|Any CPU
		{5DDE5C3B-AE8D-41C9-89EC-BE7B5F7C3FF7}.Release|Any CPU.Build.0 = Release|Any CPU
		{B158F53F-8733-44CD-AE49-879354409C8E}.Debug|Any CPU.ActiveCfg = Debug|Any CPU
		{B158F53F-8733-44CD-AE49-879354409C8E}.Debug|Any CPU.Build.0 = Debug|Any CPU
		{B158F53F-8733-44CD-AE49-879354409C8E}.Release|Any CPU.ActiveCfg = Release|Any CPU
		{B158F53F-8733-44CD-AE49-879354409C8E}.Release|Any CPU.Build.0 = Release|Any CPU
	EndGlobalSection
	GlobalSection(SolutionProperties) = preSolution
		HideSolutionNode = FALSE
	EndGlobalSection
	GlobalSection(ExtensibilityGlobals) = postSolution
		SolutionGuid = {725DF63E-B46E-4543-B8E4-A518250819BE}
	EndGlobalSection
EndGlobal
